
Microsoft Visual Studio Solution File, Format Version 11.00
# Visual C# Express 2010
Project("{FAE04EC0-301F-11D3-BF4B-00C04F79EFBC}") = "Variant12", "Variant12\Variant12.csproj", "{8E3B3263-C568-4F1E-A3FD-C4C5B04277BF}"
EndProject
Project("{FAE04EC0-301F-11D3-BF4B-00C04F79EFBC}") = "MyFunctions", "MyFunctions\MyFunctions.csproj", "{E06D7A46-041E-4BF4-AB0B-67DA64BA2381}"
EndProject
Global
	GlobalSection(SolutionConfigurationPlatforms) = preSolution
		Debug|Any CPU = Debug|Any CPU
		Debug|Mixed Platforms = Debug|Mixed Platforms
		Debug|x86 = Debug|x86
		Release|Any CPU = Release|Any CPU
		Release|Mixed Platforms = Release|Mixed Platforms
		Release|x86 = Release|x86
	EndGlobalSection
	GlobalSection(ProjectConfigurationPlatforms) = postSolution
		{8E3B3263-C568-4F1E-A3FD-C4C5B04277BF}.Debug|Any CPU.ActiveCfg = Debug|x86
		{8E3B3263-C568-4F1E-A3FD-C4C5B04277BF}.Debug|Mixed Platforms.ActiveCfg = Debug|x86
		{8E3B3263-C568-4F1E-A3FD-C4C5B04277BF}.Debug|Mixed Platforms.Build.0 = Debug|x86
		{8E3B3263-C568-4F1E-A3FD-C4C5B04277BF}.Debug|x86.ActiveCfg = Debug|x86
		{8E3B3263-C568-4F1E-A3FD-C4C5B04277BF}.Debug|x86.Build.0 = Debug|x86
		{8E3B3263-C568-4F1E-A3FD-C4C5B04277BF}.Release|Any CPU.ActiveCfg = Release|x86
		{8E3B3263-C568-4F1E-A3FD-C4C5B04277BF}.Release|Mixed Platforms.ActiveCfg = Release|x86
		{8E3B3263-C568-4F1E-A3FD-C4C5B04277BF}.Release|Mixed Platforms.Build.0 = Release|x86
		{8E3B3263-C568-4F1E-A3FD-C4C5B04277BF}.Release|x86.ActiveCfg = Release|x86
		{8E3B3263-C568-4F1E-A3FD-C4C5B04277BF}.Release|x86.Build.0 = Release|x86
		{E06D7A46-041E-4BF4-AB0B-67DA64BA2381}.Debug|Any CPU.ActiveCfg = Debug|Any CPU
		{E06D7A46-041E-4BF4-AB0B-67DA64BA2381}.Debug|Any CPU.Build.0 = Debug|Any CPU
		{E06D7A46-041E-4BF4-AB0B-67DA64BA2381}.Debug|Mixed Platforms.ActiveCfg = Debug|Any CPU
		{E06D7A46-041E-4BF4-AB0B-67DA64BA2381}.Debug|Mixed Platforms.Build.0 = Debug|Any CPU
		{E06D7A46-041E-4BF4-AB0B-67DA64BA2381}.Debug|x86.ActiveCfg = Debug|Any CPU
		{E06D7A46-041E-4BF4-AB0B-67DA64BA2381}.Release|Any CPU.ActiveCfg = Release|Any CPU
		{E06D7A46-041E-4BF4-AB0B-67DA64BA2381}.Release|Any CPU.Build.0 = Release|Any CPU
		{E06D7A46-041E-4BF4-AB0B-67DA64BA2381}.Release|Mixed Platforms.ActiveCfg = Release|Any CPU
		{E06D7A46-041E-4BF4-AB0B-67DA64BA2381}.Release|Mixed Platforms.Build.0 = Release|Any CPU
		{E06D7A46-041E-4BF4-AB0B-67DA64BA2381}.Release|x86.ActiveCfg = Release|Any CPU
	EndGlobalSection
	GlobalSection(SolutionProperties) = preSolution
		HideSolutionNode = FALSE
	EndGlobalSection
EndGlobal
